// !$*UTF8*$!
{
	archiveVersion = 1;
	classes = {
	};
	objectVersion = 56;
	objects = {

/* Begin PBXBuildFile section */
		560FAA572C58B00A00BFD6D2 /* RoundResponseModel.swift in Sources */ = {isa = PBXBuildFile; fileRef = 560FAA562C58B00A00BFD6D2 /* RoundResponseModel.swift */; };
		560FAA592C58BF8300BFD6D2 /* UpcomingMatchesTableViewCell.swift in Sources */ = {isa = PBXBuildFile; fileRef = 560FAA582C58BF8300BFD6D2 /* UpcomingMatchesTableViewCell.swift */; };
		5635637F2C56BDD200FA7827 /* Alamofire in Frameworks */ = {isa = PBXBuildFile; productRef = 5635637E2C56BDD200FA7827 /* Alamofire */; };
		5652D9FA2C57EEFE002B3955 /* MatchTableViewCell.swift in Sources */ = {isa = PBXBuildFile; fileRef = 5652D9F92C57EEFE002B3955 /* MatchTableViewCell.swift */; };
		5652D9FC2C57FABB002B3955 /* StandingTableViewCell.swift in Sources */ = {isa = PBXBuildFile; fileRef = 5652D9FB2C57FABB002B3955 /* StandingTableViewCell.swift */; };
		5652DA002C580896002B3955 /* StandingResponse.swift in Sources */ = {isa = PBXBuildFile; fileRef = 5652D9FF2C580896002B3955 /* StandingResponse.swift */; };
		565648A82C4EDD8D0055353B /* AppDelegate.swift in Sources */ = {isa = PBXBuildFile; fileRef = 565648A72C4EDD8D0055353B /* AppDelegate.swift */; };
		565648AA2C4EDD8D0055353B /* SceneDelegate.swift in Sources */ = {isa = PBXBuildFile; fileRef = 565648A92C4EDD8D0055353B /* SceneDelegate.swift */; };
		565648AC2C4EDD8D0055353B /* ViewController.swift in Sources */ = {isa = PBXBuildFile; fileRef = 565648AB2C4EDD8D0055353B /* ViewController.swift */; };
		565648B12C4EDD8D0055353B /* Assets.xcassets in Resources */ = {isa = PBXBuildFile; fileRef = 565648B02C4EDD8D0055353B /* Assets.xcassets */; };
		565648B42C4EDD8D0055353B /* LaunchScreen.storyboard in Resources */ = {isa = PBXBuildFile; fileRef = 565648B22C4EDD8D0055353B /* LaunchScreen.storyboard */; };
		565648BC2C4EE4660055353B /* TabBarViewController.swift in Sources */ = {isa = PBXBuildFile; fileRef = 565648BB2C4EE4660055353B /* TabBarViewController.swift */; };
		565648BE2C4EE5040055353B /* MatchesViewController.swift in Sources */ = {isa = PBXBuildFile; fileRef = 565648BD2C4EE5040055353B /* MatchesViewController.swift */; };
		565648C02C4EE5260055353B /* FavouritesViewController.swift in Sources */ = {isa = PBXBuildFile; fileRef = 565648BF2C4EE5260055353B /* FavouritesViewController.swift */; };
		56CBDF842C5408D9002C98BF /* SnapKit in Frameworks */ = {isa = PBXBuildFile; productRef = 56CBDF832C5408D9002C98BF /* SnapKit */; };
		56CBDF8F2C54349C002C98BF /* APIManager.swift in Sources */ = {isa = PBXBuildFile; fileRef = 56CBDF8E2C54349C002C98BF /* APIManager.swift */; };
		56CBDF912C5434F9002C98BF /* FixturesModel.swift in Sources */ = {isa = PBXBuildFile; fileRef = 56CBDF902C5434F9002C98BF /* FixturesModel.swift */; };
/* End PBXBuildFile section */

/* Begin PBXFileReference section */
		560FAA562C58B00A00BFD6D2 /* RoundResponseModel.swift */ = {isa = PBXFileReference; lastKnownFileType = sourcecode.swift; path = RoundResponseModel.swift; sourceTree = "<group>"; };
		560FAA582C58BF8300BFD6D2 /* UpcomingMatchesTableViewCell.swift */ = {isa = PBXFileReference; lastKnownFileType = sourcecode.swift; path = UpcomingMatchesTableViewCell.swift; sourceTree = "<group>"; };
		5652D9F92C57EEFE002B3955 /* MatchTableViewCell.swift */ = {isa = PBXFileReference; lastKnownFileType = sourcecode.swift; path = MatchTableViewCell.swift; sourceTree = "<group>"; };
		5652D9FB2C57FABB002B3955 /* StandingTableViewCell.swift */ = {isa = PBXFileReference; lastKnownFileType = sourcecode.swift; path = StandingTableViewCell.swift; sourceTree = "<group>"; };
		5652D9FF2C580896002B3955 /* StandingResponse.swift */ = {isa = PBXFileReference; lastKnownFileType = sourcecode.swift; path = StandingResponse.swift; sourceTree = "<group>"; };
		565648A42C4EDD8D0055353B /* QPLtest.app */ = {isa = PBXFileReference; explicitFileType = wrapper.application; includeInIndex = 0; path = QPLtest.app; sourceTree = BUILT_PRODUCTS_DIR; };
		565648A72C4EDD8D0055353B /* AppDelegate.swift */ = {isa = PBXFileReference; lastKnownFileType = sourcecode.swift; path = AppDelegate.swift; sourceTree = "<group>"; };
		565648A92C4EDD8D0055353B /* SceneDelegate.swift */ = {isa = PBXFileReference; lastKnownFileType = sourcecode.swift; path = SceneDelegate.swift; sourceTree = "<group>"; };
		565648AB2C4EDD8D0055353B /* ViewController.swift */ = {isa = PBXFileReference; lastKnownFileType = sourcecode.swift; path = ViewController.swift; sourceTree = "<group>"; };
		565648B02C4EDD8D0055353B /* Assets.xcassets */ = {isa = PBXFileReference; lastKnownFileType = folder.assetcatalog; path = Assets.xcassets; sourceTree = "<group>"; };
		565648B32C4EDD8D0055353B /* Base */ = {isa = PBXFileReference; lastKnownFileType = file.storyboard; name = Base; path = Base.lproj/LaunchScreen.storyboard; sourceTree = "<group>"; };
		565648B52C4EDD8D0055353B /* Info.plist */ = {isa = PBXFileReference; lastKnownFileType = text.plist.xml; path = Info.plist; sourceTree = "<group>"; };
		565648BB2C4EE4660055353B /* TabBarViewController.swift */ = {isa = PBXFileReference; lastKnownFileType = sourcecode.swift; path = TabBarViewController.swift; sourceTree = "<group>"; };
		565648BD2C4EE5040055353B /* MatchesViewController.swift */ = {isa = PBXFileReference; lastKnownFileType = sourcecode.swift; path = MatchesViewController.swift; sourceTree = "<group>"; };
		565648BF2C4EE5260055353B /* FavouritesViewController.swift */ = {isa = PBXFileReference; lastKnownFileType = sourcecode.swift; path = FavouritesViewController.swift; sourceTree = "<group>"; };
		56CBDF8E2C54349C002C98BF /* APIManager.swift */ = {isa = PBXFileReference; lastKnownFileType = sourcecode.swift; path = APIManager.swift; sourceTree = "<group>"; };
		56CBDF902C5434F9002C98BF /* FixturesModel.swift */ = {isa = PBXFileReference; lastKnownFileType = sourcecode.swift; path = FixturesModel.swift; sourceTree = "<group>"; };
/* End PBXFileReference section */

/* Begin PBXFrameworksBuildPhase section */
		565648A12C4EDD8D0055353B /* Frameworks */ = {
			isa = PBXFrameworksBuildPhase;
			buildActionMask = 2147483647;
			files = (
				56CBDF842C5408D9002C98BF /* SnapKit in Frameworks */,
				5635637F2C56BDD200FA7827 /* Alamofire in Frameworks */,
			);
			runOnlyForDeploymentPostprocessing = 0;
		};
/* End PBXFrameworksBuildPhase section */

/* Begin PBXGroup section */
		560FAA5A2C58C14B00BFD6D2 /* Storage */ = {
			isa = PBXGroup;
			children = (
				565648A92C4EDD8D0055353B /* SceneDelegate.swift */,
				565648A72C4EDD8D0055353B /* AppDelegate.swift */,
			);
			path = Storage;
			sourceTree = "<group>";
		};
		560FAA5B2C58C16600BFD6D2 /* View */ = {
			isa = PBXGroup;
			children = (
				5652D9F92C57EEFE002B3955 /* MatchTableViewCell.swift */,
				5652D9FB2C57FABB002B3955 /* StandingTableViewCell.swift */,
				560FAA582C58BF8300BFD6D2 /* UpcomingMatchesTableViewCell.swift */,
			);
			path = View;
			sourceTree = "<group>";
		};
		560FAA5C2C58C17B00BFD6D2 /* Controller */ = {
			isa = PBXGroup;
			children = (
				565648BF2C4EE5260055353B /* FavouritesViewController.swift */,
				565648BB2C4EE4660055353B /* TabBarViewController.swift */,
				565648BD2C4EE5040055353B /* MatchesViewController.swift */,
				565648AB2C4EDD8D0055353B /* ViewController.swift */,
			);
			path = Controller;
			sourceTree = "<group>";
		};
		5656489B2C4EDD8D0055353B = {
			isa = PBXGroup;
			children = (
				565648A62C4EDD8D0055353B /* QPLtest */,
				565648A52C4EDD8D0055353B /* Products */,
			);
			sourceTree = "<group>";
		};
		565648A52C4EDD8D0055353B /* Products */ = {
			isa = PBXGroup;
			children = (
				565648A42C4EDD8D0055353B /* QPLtest.app */,
			);
			name = Products;
			sourceTree = "<group>";
		};
		565648A62C4EDD8D0055353B /* QPLtest */ = {
			isa = PBXGroup;
			children = (
				560FAA5C2C58C17B00BFD6D2 /* Controller */,
				560FAA5B2C58C16600BFD6D2 /* View */,
				560FAA5A2C58C14B00BFD6D2 /* Storage */,
				56CBDF8B2C5433B9002C98BF /* Networking */,
				56CBDF882C541488002C98BF /* Supporting */,
				56CBDF852C5410F4002C98BF /* Model */,
				565648B52C4EDD8D0055353B /* Info.plist */,
			);
			path = QPLtest;
			sourceTree = "<group>";
		};
		56CBDF852C5410F4002C98BF /* Model */ = {
			isa = PBXGroup;
			children = (
				56CBDF902C5434F9002C98BF /* FixturesModel.swift */,
				5652D9FF2C580896002B3955 /* StandingResponse.swift */,
				560FAA562C58B00A00BFD6D2 /* RoundResponseModel.swift */,
			);
			path = Model;
			sourceTree = "<group>";
		};
		56CBDF882C541488002C98BF /* Supporting */ = {
			isa = PBXGroup;
			children = (
				565648B02C4EDD8D0055353B /* Assets.xcassets */,
				565648B22C4EDD8D0055353B /* LaunchScreen.storyboard */,
			);
			path = Supporting;
			sourceTree = "<group>";
		};
		56CBDF8B2C5433B9002C98BF /* Networking */ = {
			isa = PBXGroup;
			children = (
				56CBDF8E2C54349C002C98BF /* APIManager.swift */,
			);
			path = Networking;
			sourceTree = "<group>";
		};
/* End PBXGroup section */

/* Begin PBXNativeTarget section */
		565648A32C4EDD8D0055353B /* QPLtest */ = {
			isa = PBXNativeTarget;
			buildConfigurationList = 565648B82C4EDD8D0055353B /* Build configuration list for PBXNativeTarget "QPLtest" */;
			buildPhases = (
				565648A02C4EDD8D0055353B /* Sources */,
				565648A12C4EDD8D0055353B /* Frameworks */,
				565648A22C4EDD8D0055353B /* Resources */,
			);
			buildRules = (
			);
			dependencies = (
			);
			name = QPLtest;
			packageProductDependencies = (
				56CBDF832C5408D9002C98BF /* SnapKit */,
				5635637E2C56BDD200FA7827 /* Alamofire */,
			);
			productName = QPLtest;
			productReference = 565648A42C4EDD8D0055353B /* QPLtest.app */;
			productType = "com.apple.product-type.application";
		};
/* End PBXNativeTarget section */

/* Begin PBXProject section */
		5656489C2C4EDD8D0055353B /* Project object */ = {
			isa = PBXProject;
			attributes = {
				BuildIndependentTargetsInParallel = 1;
				LastSwiftUpdateCheck = 1410;
				LastUpgradeCheck = 1540;
				TargetAttributes = {
					565648A32C4EDD8D0055353B = {
						CreatedOnToolsVersion = 14.1;
					};
				};
			};
			buildConfigurationList = 5656489F2C4EDD8D0055353B /* Build configuration list for PBXProject "QPLtest" */;
			compatibilityVersion = "Xcode 14.0";
			developmentRegion = en;
			hasScannedForEncodings = 0;
			knownRegions = (
				en,
				Base,
			);
			mainGroup = 5656489B2C4EDD8D0055353B;
			packageReferences = (
				56CBDF822C5408D9002C98BF /* XCRemoteSwiftPackageReference "SnapKit" */,
				5635637D2C56BDD200FA7827 /* XCRemoteSwiftPackageReference "Alamofire" */,
			);
			productRefGroup = 565648A52C4EDD8D0055353B /* Products */;
			projectDirPath = "";
			projectRoot = "";
			targets = (
				565648A32C4EDD8D0055353B /* QPLtest */,
			);
		};
/* End PBXProject section */

/* Begin PBXResourcesBuildPhase section */
		565648A22C4EDD8D0055353B /* Resources */ = {
			isa = PBXResourcesBuildPhase;
			buildActionMask = 2147483647;
			files = (
				565648B42C4EDD8D0055353B /* LaunchScreen.storyboard in Resources */,
				565648B12C4EDD8D0055353B /* Assets.xcassets in Resources */,
			);
			runOnlyForDeploymentPostprocessing = 0;
		};
/* End PBXResourcesBuildPhase section */

/* Begin PBXSourcesBuildPhase section */
		565648A02C4EDD8D0055353B /* Sources */ = {
			isa = PBXSourcesBuildPhase;
			buildActionMask = 2147483647;
			files = (
				5652D9FA2C57EEFE002B3955 /* MatchTableViewCell.swift in Sources */,
				565648C02C4EE5260055353B /* FavouritesViewController.swift in Sources */,
				565648BC2C4EE4660055353B /* TabBarViewController.swift in Sources */,
				560FAA592C58BF8300BFD6D2 /* UpcomingMatchesTableViewCell.swift in Sources */,
				565648AC2C4EDD8D0055353B /* ViewController.swift in Sources */,
				565648BE2C4EE5040055353B /* MatchesViewController.swift in Sources */,
				56CBDF8F2C54349C002C98BF /* APIManager.swift in Sources */,
				5652DA002C580896002B3955 /* StandingResponse.swift in Sources */,
				56CBDF912C5434F9002C98BF /* FixturesModel.swift in Sources */,
				5652D9FC2C57FABB002B3955 /* StandingTableViewCell.swift in Sources */,
				560FAA572C58B00A00BFD6D2 /* RoundResponseModel.swift in Sources */,
				565648A82C4EDD8D0055353B /* AppDelegate.swift in Sources */,
				565648AA2C4EDD8D0055353B /* SceneDelegate.swift in Sources */,
			);
			runOnlyForDeploymentPostprocessing = 0;
		};
/* End PBXSourcesBuildPhase section */

/* Begin PBXVariantGroup section */
		565648B22C4EDD8D0055353B /* LaunchScreen.storyboard */ = {
			isa = PBXVariantGroup;
			children = (
				565648B32C4EDD8D0055353B /* Base */,
			);
			name = LaunchScreen.storyboard;
			sourceTree = "<group>";
		};
/* End PBXVariantGroup section */

/* Begin XCBuildConfiguration section */
		565648B62C4EDD8D0055353B /* Debug */ = {
			isa = XCBuildConfiguration;
			buildSettings = {
				ALWAYS_SEARCH_USER_PATHS = NO;
				CLANG_ANALYZER_NONNULL = YES;
				CLANG_ANALYZER_NUMBER_OBJECT_CONVERSION = YES_AGGRESSIVE;
				CLANG_CXX_LANGUAGE_STANDARD = "gnu++20";
				CLANG_ENABLE_MODULES = YES;
				CLANG_ENABLE_OBJC_ARC = YES;
				CLANG_ENABLE_OBJC_WEAK = YES;
				CLANG_WARN_BLOCK_CAPTURE_AUTORELEASING = YES;
				CLANG_WARN_BOOL_CONVERSION = YES;
				CLANG_WARN_COMMA = YES;
				CLANG_WARN_CONSTANT_CONVERSION = YES;
				CLANG_WARN_DEPRECATED_OBJC_IMPLEMENTATIONS = YES;
				CLANG_WARN_DIRECT_OBJC_ISA_USAGE = YES_ERROR;
				CLANG_WARN_DOCUMENTATION_COMMENTS = YES;
				CLANG_WARN_EMPTY_BODY = YES;
				CLANG_WARN_ENUM_CONVERSION = YES;
				CLANG_WARN_INFINITE_RECURSION = YES;
				CLANG_WARN_INT_CONVERSION = YES;
				CLANG_WARN_NON_LITERAL_NULL_CONVERSION = YES;
				CLANG_WARN_OBJC_IMPLICIT_RETAIN_SELF = YES;
				CLANG_WARN_OBJC_LITERAL_CONVERSION = YES;
				CLANG_WARN_OBJC_ROOT_CLASS = YES_ERROR;
				CLANG_WARN_QUOTED_INCLUDE_IN_FRAMEWORK_HEADER = YES;
				CLANG_WARN_RANGE_LOOP_ANALYSIS = YES;
				CLANG_WARN_STRICT_PROTOTYPES = YES;
				CLANG_WARN_SUSPICIOUS_MOVE = YES;
				CLANG_WARN_UNGUARDED_AVAILABILITY = YES_AGGRESSIVE;
				CLANG_WARN_UNREACHABLE_CODE = YES;
				CLANG_WARN__DUPLICATE_METHOD_MATCH = YES;
				COPY_PHASE_STRIP = NO;
				DEBUG_INFORMATION_FORMAT = dwarf;
				ENABLE_STRICT_OBJC_MSGSEND = YES;
				ENABLE_TESTABILITY = YES;
				ENABLE_USER_SCRIPT_SANDBOXING = YES;
				GCC_C_LANGUAGE_STANDARD = gnu11;
				GCC_DYNAMIC_NO_PIC = NO;
				GCC_NO_COMMON_BLOCKS = YES;
				GCC_OPTIMIZATION_LEVEL = 0;
				GCC_PREPROCESSOR_DEFINITIONS = (
					"DEBUG=1",
					"$(inherited)",
				);
				GCC_WARN_64_TO_32_BIT_CONVERSION = YES;
				GCC_WARN_ABOUT_RETURN_TYPE = YES_ERROR;
				GCC_WARN_UNDECLARED_SELECTOR = YES;
				GCC_WARN_UNINITIALIZED_AUTOS = YES_AGGRESSIVE;
				GCC_WARN_UNUSED_FUNCTION = YES;
				GCC_WARN_UNUSED_VARIABLE = YES;
				IPHONEOS_DEPLOYMENT_TARGET = 16.1;
				MTL_ENABLE_DEBUG_INFO = INCLUDE_SOURCE;
				MTL_FAST_MATH = YES;
				ONLY_ACTIVE_ARCH = YES;
				SDKROOT = iphoneos;
				SWIFT_ACTIVE_COMPILATION_CONDITIONS = DEBUG;
				SWIFT_OPTIMIZATION_LEVEL = "-Onone";
			};
			name = Debug;
		};
		565648B72C4EDD8D0055353B /* Release */ = {
			isa = XCBuildConfiguration;
			buildSettings = {
				ALWAYS_SEARCH_USER_PATHS = NO;
				CLANG_ANALYZER_NONNULL = YES;
				CLANG_ANALYZER_NUMBER_OBJECT_CONVERSION = YES_AGGRESSIVE;
				CLANG_CXX_LANGUAGE_STANDARD = "gnu++20";
				CLANG_ENABLE_MODULES = YES;
				CLANG_ENABLE_OBJC_ARC = YES;
				CLANG_ENABLE_OBJC_WEAK = YES;
				CLANG_WARN_BLOCK_CAPTURE_AUTORELEASING = YES;
				CLANG_WARN_BOOL_CONVERSION = YES;
				CLANG_WARN_COMMA = YES;
				CLANG_WARN_CONSTANT_CONVERSION = YES;
				CLANG_WARN_DEPRECATED_OBJC_IMPLEMENTATIONS = YES;
				CLANG_WARN_DIRECT_OBJC_ISA_USAGE = YES_ERROR;
				CLANG_WARN_DOCUMENTATION_COMMENTS = YES;
				CLANG_WARN_EMPTY_BODY = YES;
				CLANG_WARN_ENUM_CONVERSION = YES;
				CLANG_WARN_INFINITE_RECURSION = YES;
				CLANG_WARN_INT_CONVERSION = YES;
				CLANG_WARN_NON_LITERAL_NULL_CONVERSION = YES;
				CLANG_WARN_OBJC_IMPLICIT_RETAIN_SELF = YES;
				CLANG_WARN_OBJC_LITERAL_CONVERSION = YES;
				CLANG_WARN_OBJC_ROOT_CLASS = YES_ERROR;
				CLANG_WARN_QUOTED_INCLUDE_IN_FRAMEWORK_HEADER = YES;
				CLANG_WARN_RANGE_LOOP_ANALYSIS = YES;
				CLANG_WARN_STRICT_PROTOTYPES = YES;
				CLANG_WARN_SUSPICIOUS_MOVE = YES;
				CLANG_WARN_UNGUARDED_AVAILABILITY = YES_AGGRESSIVE;
				CLANG_WARN_UNREACHABLE_CODE = YES;
				CLANG_WARN__DUPLICATE_METHOD_MATCH = YES;
				COPY_PHASE_STRIP = NO;
				DEBUG_INFORMATION_FORMAT = "dwarf-with-dsym";
				ENABLE_NS_ASSERTIONS = NO;
				ENABLE_STRICT_OBJC_MSGSEND = YES;
				ENABLE_USER_SCRIPT_SANDBOXING = YES;
				GCC_C_LANGUAGE_STANDARD = gnu11;
				GCC_NO_COMMON_BLOCKS = YES;
				GCC_WARN_64_TO_32_BIT_CONVERSION = YES;
				GCC_WARN_ABOUT_RETURN_TYPE = YES_ERROR;
				GCC_WARN_UNDECLARED_SELECTOR = YES;
				GCC_WARN_UNINITIALIZED_AUTOS = YES_AGGRESSIVE;
				GCC_WARN_UNUSED_FUNCTION = YES;
				GCC_WARN_UNUSED_VARIABLE = YES;
				IPHONEOS_DEPLOYMENT_TARGET = 16.1;
				MTL_ENABLE_DEBUG_INFO = NO;
				MTL_FAST_MATH = YES;
				SDKROOT = iphoneos;
				SWIFT_COMPILATION_MODE = wholemodule;
				SWIFT_OPTIMIZATION_LEVEL = "-O";
				VALIDATE_PRODUCT = YES;
			};
			name = Release;
		};
		565648B92C4EDD8D0055353B /* Debug */ = {
			isa = XCBuildConfiguration;
			buildSettings = {
				ASSETCATALOG_COMPILER_APPICON_NAME = AppIcon;
				ASSETCATALOG_COMPILER_GLOBAL_ACCENT_COLOR_NAME = AccentColor;
				CODE_SIGN_STYLE = Automatic;
				CURRENT_PROJECT_VERSION = 1;
				GENERATE_INFOPLIST_FILE = YES;
				INFOPLIST_FILE = QPLtest/Info.plist;
				INFOPLIST_KEY_UIApplicationSupportsIndirectInputEvents = YES;
				INFOPLIST_KEY_UILaunchStoryboardName = LaunchScreen;
				INFOPLIST_KEY_UISupportedInterfaceOrientations_iPad = "UIInterfaceOrientationPortrait UIInterfaceOrientationPortraitUpsideDown UIInterfaceOrientationLandscapeLeft UIInterfaceOrientationLandscapeRight";
				INFOPLIST_KEY_UISupportedInterfaceOrientations_iPhone = "UIInterfaceOrientationPortrait UIInterfaceOrientationLandscapeLeft UIInterfaceOrientationLandscapeRight";
				LD_RUNPATH_SEARCH_PATHS = (
					"$(inherited)",
					"@executable_path/Frameworks",
				);
				MARKETING_VERSION = 1.0;
				PRODUCT_BUNDLE_IDENTIFIER = com.google.QPLtest;
				PRODUCT_NAME = "$(TARGET_NAME)";
				SWIFT_EMIT_LOC_STRINGS = YES;
				SWIFT_VERSION = 5.0;
				TARGETED_DEVICE_FAMILY = "1,2";
			};
			name = Debug;
		};
		565648BA2C4EDD8D0055353B /* Release */ = {
			isa = XCBuildConfiguration;
			buildSettings = {
				ASSETCATALOG_COMPILER_APPICON_NAME = AppIcon;
				ASSETCATALOG_COMPILER_GLOBAL_ACCENT_COLOR_NAME = AccentColor;
				CODE_SIGN_STYLE = Automatic;
				CURRENT_PROJECT_VERSION = 1;
				GENERATE_INFOPLIST_FILE = YES;
				INFOPLIST_FILE = QPLtest/Info.plist;
				INFOPLIST_KEY_UIApplicationSupportsIndirectInputEvents = YES;
				INFOPLIST_KEY_UILaunchStoryboardName = LaunchScreen;
				INFOPLIST_KEY_UISupportedInterfaceOrientations_iPad = "UIInterfaceOrientationPortrait UIInterfaceOrientationPortraitUpsideDown UIInterfaceOrientationLandscapeLeft UIInterfaceOrientationLandscapeRight";
				INFOPLIST_KEY_UISupportedInterfaceOrientations_iPhone = "UIInterfaceOrientationPortrait UIInterfaceOrientationLandscapeLeft UIInterfaceOrientationLandscapeRight";
				LD_RUNPATH_SEARCH_PATHS = (
					"$(inherited)",
					"@executable_path/Frameworks",
				);
				MARKETING_VERSION = 1.0;
				PRODUCT_BUNDLE_IDENTIFIER = com.google.QPLtest;
				PRODUCT_NAME = "$(TARGET_NAME)";
				SWIFT_EMIT_LOC_STRINGS = YES;
				SWIFT_VERSION = 5.0;
				TARGETED_DEVICE_FAMILY = "1,2";
			};
			name = Release;
		};
/* End XCBuildConfiguration section */

/* Begin XCConfigurationList section */
		5656489F2C4EDD8D0055353B /* Build configuration list for PBXProject "QPLtest" */ = {
			isa = XCConfigurationList;
			buildConfigurations = (
				565648B62C4EDD8D0055353B /* Debug */,
				565648B72C4EDD8D0055353B /* Release */,
			);
			defaultConfigurationIsVisible = 0;
			defaultConfigurationName = Release;
		};
		565648B82C4EDD8D0055353B /* Build configuration list for PBXNativeTarget "QPLtest" */ = {
			isa = XCConfigurationList;
			buildConfigurations = (
				565648B92C4EDD8D0055353B /* Debug */,
				565648BA2C4EDD8D0055353B /* Release */,
			);
			defaultConfigurationIsVisible = 0;
			defaultConfigurationName = Release;
		};
/* End XCConfigurationList section */

/* Begin XCRemoteSwiftPackageReference section */
		5635637D2C56BDD200FA7827 /* XCRemoteSwiftPackageReference "Alamofire" */ = {
			isa = XCRemoteSwiftPackageReference;
			repositoryURL = "https://github.com/Alamofire/Alamofire";
			requirement = {
				kind = upToNextMajorVersion;
				minimumVersion = 5.9.1;
			};
		};
		56CBDF822C5408D9002C98BF /* XCRemoteSwiftPackageReference "SnapKit" */ = {
			isa = XCRemoteSwiftPackageReference;
			repositoryURL = "https://github.com/SnapKit/SnapKit";
			requirement = {
				kind = upToNextMajorVersion;
				minimumVersion = 5.0.0;
			};
		};
/* End XCRemoteSwiftPackageReference section */

/* Begin XCSwiftPackageProductDependency section */
		5635637E2C56BDD200FA7827 /* Alamofire */ = {
			isa = XCSwiftPackageProductDependency;
			package = 5635637D2C56BDD200FA7827 /* XCRemoteSwiftPackageReference "Alamofire" */;
			productName = Alamofire;
		};
		56CBDF832C5408D9002C98BF /* SnapKit */ = {
			isa = XCSwiftPackageProductDependency;
			package = 56CBDF822C5408D9002C98BF /* XCRemoteSwiftPackageReference "SnapKit" */;
			productName = SnapKit;
		};
/* End XCSwiftPackageProductDependency section */
	};
	rootObject = 5656489C2C4EDD8D0055353B /* Project object */;
}
